
Microsoft Visual Studio Solution File, Format Version 12.00
# Visual Studio Version 17
VisualStudioVersion = 17.14.36401.2
MinimumVisualStudioVersion = 10.0.40219.1
Project("{FAE04EC0-301F-11D3-BF4B-00C04F79EFBC}") = "MILANO.DistributedCache.Server", "MILANO.DistributedCache.Server\MILANO.DistributedCache.Server.csproj", "{E7FF59D8-86C5-628E-A230-D96A3EF36D3F}"
EndProject
Project("{E53339B2-1760-4266-BCC7-CA923CBCF16C}") = "docker-compose", "docker-compose.dcproj", "{81DDED9D-158B-E303-5F62-77A2896D2A5A}"
EndProject
Project("{FAE04EC0-301F-11D3-BF4B-00C04F79EFBC}") = "MILANO.DistributedCache.Benchmark", "MILANO.DistributedCache.Benchmark\MILANO.DistributedCache.Benchmark.csproj", "{07D33E22-526D-474B-8D5B-FCA640A7FC91}"
EndProject
Global
	GlobalSection(SolutionConfigurationPlatforms) = preSolution
		Debug|Any CPU = Debug|Any CPU
		Release|Any CPU = Release|Any CPU
	EndGlobalSection
	GlobalSection(ProjectConfigurationPlatforms) = postSolution
		{E7FF59D8-86C5-628E-A230-D96A3EF36D3F}.Debug|Any CPU.ActiveCfg = Debug|Any CPU
		{E7FF59D8-86C5-628E-A230-D96A3EF36D3F}.Debug|Any CPU.Build.0 = Debug|Any CPU
		{E7FF59D8-86C5-628E-A230-D96A3EF36D3F}.Release|Any CPU.ActiveCfg = Release|Any CPU
		{E7FF59D8-86C5-628E-A230-D96A3EF36D3F}.Release|Any CPU.Build.0 = Release|Any CPU
		{81DDED9D-158B-E303-5F62-77A2896D2A5A}.Debug|Any CPU.ActiveCfg = Debug|Any CPU
		{81DDED9D-158B-E303-5F62-77A2896D2A5A}.Debug|Any CPU.Build.0 = Debug|Any CPU
		{81DDED9D-158B-E303-5F62-77A2896D2A5A}.Release|Any CPU.ActiveCfg = Release|Any CPU
		{81DDED9D-158B-E303-5F62-77A2896D2A5A}.Release|Any CPU.Build.0 = Release|Any CPU
		{07D33E22-526D-474B-8D5B-FCA640A7FC91}.Debug|Any CPU.ActiveCfg = Debug|Any CPU
		{07D33E22-526D-474B-8D5B-FCA640A7FC91}.Debug|Any CPU.Build.0 = Debug|Any CPU
		{07D33E22-526D-474B-8D5B-FCA640A7FC91}.Release|Any CPU.ActiveCfg = Release|Any CPU
		{07D33E22-526D-474B-8D5B-FCA640A7FC91}.Release|Any CPU.Build.0 = Release|Any CPU
	EndGlobalSection
	GlobalSection(SolutionProperties) = preSolution
		HideSolutionNode = FALSE
	EndGlobalSection
	GlobalSection(ExtensibilityGlobals) = postSolution
		SolutionGuid = {F6D5E8F9-C1B8-4420-B1BA-0FD2214134B7}
	EndGlobalSection
EndGlobal
